
Microsoft Visual Studio Solution File, Format Version 12.00
# Visual Studio Version 16
VisualStudioVersion = 16.0.30717.126
MinimumVisualStudioVersion = 10.0.40219.1
Project("{FAE04EC0-301F-11D3-BF4B-00C04F79EFBC}") = "Área Triángulo", "Área Triángulo\Área Triángulo.csproj", "{BA0E748E-4B1F-4335-839B-D904700EF50D}"
EndProject
Global
	GlobalSection(SolutionConfigurationPlatforms) = preSolution
		Debug|Any CPU = Debug|Any CPU
		Release|Any CPU = Release|Any CPU
	EndGlobalSection
	GlobalSection(ProjectConfigurationPlatforms) = postSolution
		{BA0E748E-4B1F-4335-839B-D904700EF50D}.Debug|Any CPU.ActiveCfg = Debug|Any CPU
		{BA0E748E-4B1F-4335-839B-D904700EF50D}.Debug|Any CPU.Build.0 = Debug|Any CPU
		{BA0E748E-4B1F-4335-839B-D904700EF50D}.Release|Any CPU.ActiveCfg = Release|Any CPU
		{BA0E748E-4B1F-4335-839B-D904700EF50D}.Release|Any CPU.Build.0 = Release|Any CPU
	EndGlobalSection
	GlobalSection(SolutionProperties) = preSolution
		HideSolutionNode = FALSE
	EndGlobalSection
	GlobalSection(ExtensibilityGlobals) = postSolution
		SolutionGuid = {225F7357-429C-4F81-9247-3A231D221E19}
	EndGlobalSection
EndGlobal
